// !$*UTF8*$!
{
	archiveVersion = 1;
	classes = {
	};
	objectVersion = 50;
	objects = {

/* Begin PBXBuildFile section */
		494563FF249649DF00DB4364 /* UIViewExt.swift in Sources */ = {isa = PBXBuildFile; fileRef = 494563FE249649DF00DB4364 /* UIViewExt.swift */; };
		49811676249360AC00313418 /* notifications.swift in Sources */ = {isa = PBXBuildFile; fileRef = 49811675249360AC00313418 /* notifications.swift */; };
		49887DA524923E9E007CCE87 /* ViewController.swift in Sources */ = {isa = PBXBuildFile; fileRef = 49887DA424923E9E007CCE87 /* ViewController.swift */; };
		49887DAA24923E9E007CCE87 /* Assets.xcassets in Resources */ = {isa = PBXBuildFile; fileRef = 49887DA924923E9E007CCE87 /* Assets.xcassets */; };
		49887DAD24923E9E007CCE87 /* LaunchScreen.storyboard in Resources */ = {isa = PBXBuildFile; fileRef = 49887DAB24923E9E007CCE87 /* LaunchScreen.storyboard */; };
		4995CDB824BCBDD900CDD5D9 /* checkEndpointPathTest.swift in Sources */ = {isa = PBXBuildFile; fileRef = 4995CDB724BCBDD900CDD5D9 /* checkEndpointPathTest.swift */; };
		499A398324ADEF5300F21E04 /* EndpointDetailsView.swift in Sources */ = {isa = PBXBuildFile; fileRef = 499A398224ADEF5300F21E04 /* EndpointDetailsView.swift */; };
		499A398524ADEF7100F21E04 /* StatisticsDetailsView.swift in Sources */ = {isa = PBXBuildFile; fileRef = 499A398424ADEF7100F21E04 /* StatisticsDetailsView.swift */; };
		499A398724ADF09200F21E04 /* EndpointRowView.swift in Sources */ = {isa = PBXBuildFile; fileRef = 499A398624ADF09200F21E04 /* EndpointRowView.swift */; };
		499FCCA124991B6400B4B33E /* UIViewControllerExt.swift in Sources */ = {isa = PBXBuildFile; fileRef = 499FCCA024991B6400B4B33E /* UIViewControllerExt.swift */; };
		49C220BC24BB97AF007BAC81 /* CreateRootUserView.swift in Sources */ = {isa = PBXBuildFile; fileRef = 49C220BB24BB97AF007BAC81 /* CreateRootUserView.swift */; };
		49C220DF24BC8A0E007BAC81 /* AddEndpointView.swift in Sources */ = {isa = PBXBuildFile; fileRef = 49C220DE24BC8A0E007BAC81 /* AddEndpointView.swift */; };
		49C34A9F24AB83710087CE92 /* NotificationSettings.swift in Sources */ = {isa = PBXBuildFile; fileRef = 49C34A9E24AB83700087CE92 /* NotificationSettings.swift */; };
		49F3030524AB380700476406 /* OverviewView.swift in Sources */ = {isa = PBXBuildFile; fileRef = 49F3030424AB380700476406 /* OverviewView.swift */; };
		49F3030724AB388A00476406 /* SummaryView.swift in Sources */ = {isa = PBXBuildFile; fileRef = 49F3030624AB388A00476406 /* SummaryView.swift */; };
		49F3030A24AB3B9900476406 /* shared.swift in Sources */ = {isa = PBXBuildFile; fileRef = 49F3030924AB3B9900476406 /* shared.swift */; };
		49F3030C24AB4A8200476406 /* constants.swift in Sources */ = {isa = PBXBuildFile; fileRef = 49F3030B24AB4A8200476406 /* constants.swift */; };
		49F3030E24AB51DC00476406 /* SettingsView.swift in Sources */ = {isa = PBXBuildFile; fileRef = 49F3030D24AB51DC00476406 /* SettingsView.swift */; };
		49F3031024AB53E000476406 /* ServerSettingsView.swift in Sources */ = {isa = PBXBuildFile; fileRef = 49F3030F24AB53E000476406 /* ServerSettingsView.swift */; };
		49F3031224AB6D3200476406 /* UserDetailsView.swift in Sources */ = {isa = PBXBuildFile; fileRef = 49F3031124AB6D3200476406 /* UserDetailsView.swift */; };
		49F3031424AB6D6600476406 /* models.swift in Sources */ = {isa = PBXBuildFile; fileRef = 49F3031324AB6D6600476406 /* models.swift */; };
		49F3031624AB6DC700476406 /* UserRowView.swift in Sources */ = {isa = PBXBuildFile; fileRef = 49F3031524AB6DC700476406 /* UserRowView.swift */; };
		49F9853B24AF270C00AAE325 /* StatisticsDetailRowView.swift in Sources */ = {isa = PBXBuildFile; fileRef = 49F9853A24AF270C00AAE325 /* StatisticsDetailRowView.swift */; };
/* End PBXBuildFile section */

/* Begin PBXContainerItemProxy section */
		4995CDB224BCBD9D00CDD5D9 /* PBXContainerItemProxy */ = {
			isa = PBXContainerItemProxy;
			containerPortal = 49887D9524923E9E007CCE87 /* Project object */;
			proxyType = 1;
			remoteGlobalIDString = 49887D9C24923E9E007CCE87;
			remoteInfo = serverly;
		};
/* End PBXContainerItemProxy section */

/* Begin PBXCopyFilesBuildPhase section */
		49E794302492AF4500FEBBD2 /* Embed App Extensions */ = {
			isa = PBXCopyFilesBuildPhase;
			buildActionMask = 2147483647;
			dstPath = "";
			dstSubfolderSpec = 13;
			files = (
			);
			name = "Embed App Extensions";
			runOnlyForDeploymentPostprocessing = 0;
		};
/* End PBXCopyFilesBuildPhase section */

/* Begin PBXFileReference section */
		494563FE249649DF00DB4364 /* UIViewExt.swift */ = {isa = PBXFileReference; lastKnownFileType = sourcecode.swift; path = UIViewExt.swift; sourceTree = "<group>"; };
		49811675249360AC00313418 /* notifications.swift */ = {isa = PBXFileReference; lastKnownFileType = sourcecode.swift; path = notifications.swift; sourceTree = "<group>"; };
		49887D9D24923E9E007CCE87 /* serverly.app */ = {isa = PBXFileReference; explicitFileType = wrapper.application; includeInIndex = 0; path = serverly.app; sourceTree = BUILT_PRODUCTS_DIR; };
		49887DA424923E9E007CCE87 /* ViewController.swift */ = {isa = PBXFileReference; lastKnownFileType = sourcecode.swift; path = ViewController.swift; sourceTree = "<group>"; };
		49887DA924923E9E007CCE87 /* Assets.xcassets */ = {isa = PBXFileReference; lastKnownFileType = folder.assetcatalog; path = Assets.xcassets; sourceTree = "<group>"; };
		49887DAC24923E9E007CCE87 /* Base */ = {isa = PBXFileReference; lastKnownFileType = file.storyboard; name = Base; path = Base.lproj/LaunchScreen.storyboard; sourceTree = "<group>"; };
		49887DAE24923E9E007CCE87 /* Info.plist */ = {isa = PBXFileReference; lastKnownFileType = text.plist.xml; path = Info.plist; sourceTree = "<group>"; };
		4995CDAD24BCBD9D00CDD5D9 /* serverlyTests.xctest */ = {isa = PBXFileReference; explicitFileType = wrapper.cfbundle; includeInIndex = 0; path = serverlyTests.xctest; sourceTree = BUILT_PRODUCTS_DIR; };
		4995CDB124BCBD9D00CDD5D9 /* Info.plist */ = {isa = PBXFileReference; lastKnownFileType = text.plist.xml; path = Info.plist; sourceTree = "<group>"; };
		4995CDB724BCBDD900CDD5D9 /* checkEndpointPathTest.swift */ = {isa = PBXFileReference; lastKnownFileType = sourcecode.swift; path = checkEndpointPathTest.swift; sourceTree = "<group>"; };
		499A398224ADEF5300F21E04 /* EndpointDetailsView.swift */ = {isa = PBXFileReference; lastKnownFileType = sourcecode.swift; path = EndpointDetailsView.swift; sourceTree = "<group>"; };
		499A398424ADEF7100F21E04 /* StatisticsDetailsView.swift */ = {isa = PBXFileReference; lastKnownFileType = sourcecode.swift; path = StatisticsDetailsView.swift; sourceTree = "<group>"; };
		499A398624ADF09200F21E04 /* EndpointRowView.swift */ = {isa = PBXFileReference; lastKnownFileType = sourcecode.swift; path = EndpointRowView.swift; sourceTree = "<group>"; };
		499FCC9F2499168500B4B33E /* serverly.entitlements */ = {isa = PBXFileReference; lastKnownFileType = text.plist.entitlements; path = serverly.entitlements; sourceTree = "<group>"; };
		499FCCA024991B6400B4B33E /* UIViewControllerExt.swift */ = {isa = PBXFileReference; lastKnownFileType = sourcecode.swift; path = UIViewControllerExt.swift; sourceTree = "<group>"; };
		49C220BB24BB97AF007BAC81 /* CreateRootUserView.swift */ = {isa = PBXFileReference; lastKnownFileType = sourcecode.swift; path = CreateRootUserView.swift; sourceTree = "<group>"; };
		49C220DE24BC8A0E007BAC81 /* AddEndpointView.swift */ = {isa = PBXFileReference; lastKnownFileType = sourcecode.swift; path = AddEndpointView.swift; sourceTree = "<group>"; };
		49C34A9E24AB83700087CE92 /* NotificationSettings.swift */ = {isa = PBXFileReference; lastKnownFileType = sourcecode.swift; path = NotificationSettings.swift; sourceTree = "<group>"; };
		49E794242492AF4500FEBBD2 /* NotificationCenter.framework */ = {isa = PBXFileReference; lastKnownFileType = wrapper.framework; name = NotificationCenter.framework; path = System/Library/Frameworks/NotificationCenter.framework; sourceTree = SDKROOT; };
		49F3030424AB380700476406 /* OverviewView.swift */ = {isa = PBXFileReference; lastKnownFileType = sourcecode.swift; path = OverviewView.swift; sourceTree = "<group>"; };
		49F3030624AB388A00476406 /* SummaryView.swift */ = {isa = PBXFileReference; lastKnownFileType = sourcecode.swift; path = SummaryView.swift; sourceTree = "<group>"; };
		49F3030924AB3B9900476406 /* shared.swift */ = {isa = PBXFileReference; lastKnownFileType = sourcecode.swift; path = shared.swift; sourceTree = "<group>"; };
		49F3030B24AB4A8200476406 /* constants.swift */ = {isa = PBXFileReference; lastKnownFileType = sourcecode.swift; path = constants.swift; sourceTree = "<group>"; };
		49F3030D24AB51DC00476406 /* SettingsView.swift */ = {isa = PBXFileReference; lastKnownFileType = sourcecode.swift; path = SettingsView.swift; sourceTree = "<group>"; };
		49F3030F24AB53E000476406 /* ServerSettingsView.swift */ = {isa = PBXFileReference; lastKnownFileType = sourcecode.swift; path = ServerSettingsView.swift; sourceTree = "<group>"; };
		49F3031124AB6D3200476406 /* UserDetailsView.swift */ = {isa = PBXFileReference; lastKnownFileType = sourcecode.swift; path = UserDetailsView.swift; sourceTree = "<group>"; };
		49F3031324AB6D6600476406 /* models.swift */ = {isa = PBXFileReference; lastKnownFileType = sourcecode.swift; path = models.swift; sourceTree = "<group>"; };
		49F3031524AB6DC700476406 /* UserRowView.swift */ = {isa = PBXFileReference; lastKnownFileType = sourcecode.swift; path = UserRowView.swift; sourceTree = "<group>"; };
		49F9853A24AF270C00AAE325 /* StatisticsDetailRowView.swift */ = {isa = PBXFileReference; lastKnownFileType = sourcecode.swift; path = StatisticsDetailRowView.swift; sourceTree = "<group>"; };
/* End PBXFileReference section */

/* Begin PBXFrameworksBuildPhase section */
		49887D9A24923E9E007CCE87 /* Frameworks */ = {
			isa = PBXFrameworksBuildPhase;
			buildActionMask = 2147483647;
			files = (
			);
			runOnlyForDeploymentPostprocessing = 0;
		};
		4995CDAA24BCBD9D00CDD5D9 /* Frameworks */ = {
			isa = PBXFrameworksBuildPhase;
			buildActionMask = 2147483647;
			files = (
			);
			runOnlyForDeploymentPostprocessing = 0;
		};
/* End PBXFrameworksBuildPhase section */

/* Begin PBXGroup section */
		49887D9424923E9E007CCE87 = {
			isa = PBXGroup;
			children = (
				49F3030824AB3B8800476406 /* Shared */,
				499FCC9E2499166D00B4B33E /* Extensions */,
				49887D9F24923E9E007CCE87 /* serverly */,
				4995CDAE24BCBD9D00CDD5D9 /* serverlyTests */,
				49E794232492AF4500FEBBD2 /* Frameworks */,
				49887D9E24923E9E007CCE87 /* Products */,
			);
			sourceTree = "<group>";
		};
		49887D9E24923E9E007CCE87 /* Products */ = {
			isa = PBXGroup;
			children = (
				49887D9D24923E9E007CCE87 /* serverly.app */,
				4995CDAD24BCBD9D00CDD5D9 /* serverlyTests.xctest */,
			);
			name = Products;
			sourceTree = "<group>";
		};
		49887D9F24923E9E007CCE87 /* serverly */ = {
			isa = PBXGroup;
			children = (
				499FCC9F2499168500B4B33E /* serverly.entitlements */,
				49887DA424923E9E007CCE87 /* ViewController.swift */,
				49887DA924923E9E007CCE87 /* Assets.xcassets */,
				49887DAB24923E9E007CCE87 /* LaunchScreen.storyboard */,
				49887DAE24923E9E007CCE87 /* Info.plist */,
				499A398924AE1FCA00F21E04 /* OverviewViews */,
				499A398824AE1F9F00F21E04 /* SettingsViews */,
				499A398A24AE1FE400F21E04 /* DetailViews */,
			);
			path = serverly;
			sourceTree = "<group>";
		};
		4995CDAE24BCBD9D00CDD5D9 /* serverlyTests */ = {
			isa = PBXGroup;
			children = (
				4995CDB724BCBDD900CDD5D9 /* checkEndpointPathTest.swift */,
				4995CDB124BCBD9D00CDD5D9 /* Info.plist */,
			);
			path = serverlyTests;
			sourceTree = "<group>";
		};
		499A398824AE1F9F00F21E04 /* SettingsViews */ = {
			isa = PBXGroup;
			children = (
				49F3030D24AB51DC00476406 /* SettingsView.swift */,
				49F3030F24AB53E000476406 /* ServerSettingsView.swift */,
				49C34A9E24AB83700087CE92 /* NotificationSettings.swift */,
			);
			path = SettingsViews;
			sourceTree = "<group>";
		};
		499A398924AE1FCA00F21E04 /* OverviewViews */ = {
			isa = PBXGroup;
			children = (
				49F3030424AB380700476406 /* OverviewView.swift */,
				49F3030624AB388A00476406 /* SummaryView.swift */,
				49C220BB24BB97AF007BAC81 /* CreateRootUserView.swift */,
			);
			path = OverviewViews;
			sourceTree = "<group>";
		};
		499A398A24AE1FE400F21E04 /* DetailViews */ = {
			isa = PBXGroup;
			children = (
				499A398D24AE202300F21E04 /* StatisticsDetailViews */,
				499A398C24AE201700F21E04 /* EndpointDetailViews */,
				499A398B24AE200600F21E04 /* UsersDetailViews */,
			);
			path = DetailViews;
			sourceTree = "<group>";
		};
		499A398B24AE200600F21E04 /* UsersDetailViews */ = {
			isa = PBXGroup;
			children = (
				49F3031124AB6D3200476406 /* UserDetailsView.swift */,
				49F3031524AB6DC700476406 /* UserRowView.swift */,
			);
			path = UsersDetailViews;
			sourceTree = "<group>";
		};
		499A398C24AE201700F21E04 /* EndpointDetailViews */ = {
			isa = PBXGroup;
			children = (
				499A398224ADEF5300F21E04 /* EndpointDetailsView.swift */,
				49C220DE24BC8A0E007BAC81 /* AddEndpointView.swift */,
				499A398624ADF09200F21E04 /* EndpointRowView.swift */,
			);
			path = EndpointDetailViews;
			sourceTree = "<group>";
		};
		499A398D24AE202300F21E04 /* StatisticsDetailViews */ = {
			isa = PBXGroup;
			children = (
				499A398424ADEF7100F21E04 /* StatisticsDetailsView.swift */,
				49F9853A24AF270C00AAE325 /* StatisticsDetailRowView.swift */,
			);
			path = StatisticsDetailViews;
			sourceTree = "<group>";
		};
		499FCC9E2499166D00B4B33E /* Extensions */ = {
			isa = PBXGroup;
			children = (
				494563FE249649DF00DB4364 /* UIViewExt.swift */,
				499FCCA024991B6400B4B33E /* UIViewControllerExt.swift */,
			);
			path = Extensions;
			sourceTree = "<group>";
		};
		49E794232492AF4500FEBBD2 /* Frameworks */ = {
			isa = PBXGroup;
			children = (
				49E794242492AF4500FEBBD2 /* NotificationCenter.framework */,
			);
			name = Frameworks;
			sourceTree = "<group>";
		};
		49F3030824AB3B8800476406 /* Shared */ = {
			isa = PBXGroup;
			children = (
				49F3030924AB3B9900476406 /* shared.swift */,
				49F3031324AB6D6600476406 /* models.swift */,
				49F3030B24AB4A8200476406 /* constants.swift */,
				49811675249360AC00313418 /* notifications.swift */,
			);
			path = Shared;
			sourceTree = "<group>";
		};
/* End PBXGroup section */

/* Begin PBXNativeTarget section */
		49887D9C24923E9E007CCE87 /* serverly */ = {
			isa = PBXNativeTarget;
			buildConfigurationList = 49887DB124923E9E007CCE87 /* Build configuration list for PBXNativeTarget "serverly" */;
			buildPhases = (
				49887D9924923E9E007CCE87 /* Sources */,
				49887D9A24923E9E007CCE87 /* Frameworks */,
				49887D9B24923E9E007CCE87 /* Resources */,
				49E794302492AF4500FEBBD2 /* Embed App Extensions */,
			);
			buildRules = (
			);
			dependencies = (
			);
			name = serverly;
			productName = MyFirstApp;
			productReference = 49887D9D24923E9E007CCE87 /* serverly.app */;
			productType = "com.apple.product-type.application";
		};
		4995CDAC24BCBD9D00CDD5D9 /* serverlyTests */ = {
			isa = PBXNativeTarget;
			buildConfigurationList = 4995CDB624BCBD9D00CDD5D9 /* Build configuration list for PBXNativeTarget "serverlyTests" */;
			buildPhases = (
				4995CDA924BCBD9D00CDD5D9 /* Sources */,
				4995CDAA24BCBD9D00CDD5D9 /* Frameworks */,
				4995CDAB24BCBD9D00CDD5D9 /* Resources */,
			);
			buildRules = (
			);
			dependencies = (
				4995CDB324BCBD9D00CDD5D9 /* PBXTargetDependency */,
			);
			name = serverlyTests;
			productName = serverlyTests;
			productReference = 4995CDAD24BCBD9D00CDD5D9 /* serverlyTests.xctest */;
			productType = "com.apple.product-type.bundle.unit-test";
		};
/* End PBXNativeTarget section */

/* Begin PBXProject section */
		49887D9524923E9E007CCE87 /* Project object */ = {
			isa = PBXProject;
			attributes = {
				LastSwiftUpdateCheck = 1200;
				LastUpgradeCheck = 1200;
				ORGANIZATIONNAME = "Miguel Themann";
				TargetAttributes = {
					49887D9C24923E9E007CCE87 = {
						CreatedOnToolsVersion = 11.5;
					};
					4995CDAC24BCBD9D00CDD5D9 = {
						CreatedOnToolsVersion = 12.0;
						TestTargetID = 49887D9C24923E9E007CCE87;
					};
				};
			};
			buildConfigurationList = 49887D9824923E9E007CCE87 /* Build configuration list for PBXProject "serverly" */;
			compatibilityVersion = "Xcode 9.3";
			developmentRegion = en;
			hasScannedForEncodings = 0;
			knownRegions = (
				en,
				Base,
			);
			mainGroup = 49887D9424923E9E007CCE87;
			productRefGroup = 49887D9E24923E9E007CCE87 /* Products */;
			projectDirPath = "";
			projectRoot = "";
			targets = (
				49887D9C24923E9E007CCE87 /* serverly */,
				4995CDAC24BCBD9D00CDD5D9 /* serverlyTests */,
			);
		};
/* End PBXProject section */

/* Begin PBXResourcesBuildPhase section */
		49887D9B24923E9E007CCE87 /* Resources */ = {
			isa = PBXResourcesBuildPhase;
			buildActionMask = 2147483647;
			files = (
				49887DAD24923E9E007CCE87 /* LaunchScreen.storyboard in Resources */,
				49887DAA24923E9E007CCE87 /* Assets.xcassets in Resources */,
			);
			runOnlyForDeploymentPostprocessing = 0;
		};
		4995CDAB24BCBD9D00CDD5D9 /* Resources */ = {
			isa = PBXResourcesBuildPhase;
			buildActionMask = 2147483647;
			files = (
			);
			runOnlyForDeploymentPostprocessing = 0;
		};
/* End PBXResourcesBuildPhase section */

/* Begin PBXSourcesBuildPhase section */
		49887D9924923E9E007CCE87 /* Sources */ = {
			isa = PBXSourcesBuildPhase;
			buildActionMask = 2147483647;
			files = (
				49F3030E24AB51DC00476406 /* SettingsView.swift in Sources */,
				494563FF249649DF00DB4364 /* UIViewExt.swift in Sources */,
				49F3030C24AB4A8200476406 /* constants.swift in Sources */,
				49F9853B24AF270C00AAE325 /* StatisticsDetailRowView.swift in Sources */,
				49F3030524AB380700476406 /* OverviewView.swift in Sources */,
				49811676249360AC00313418 /* notifications.swift in Sources */,
				49C220BC24BB97AF007BAC81 /* CreateRootUserView.swift in Sources */,
				49887DA524923E9E007CCE87 /* ViewController.swift in Sources */,
				49F3030A24AB3B9900476406 /* shared.swift in Sources */,
				49C220DF24BC8A0E007BAC81 /* AddEndpointView.swift in Sources */,
				49F3031224AB6D3200476406 /* UserDetailsView.swift in Sources */,
				499A398724ADF09200F21E04 /* EndpointRowView.swift in Sources */,
				499A398524ADEF7100F21E04 /* StatisticsDetailsView.swift in Sources */,
				499FCCA124991B6400B4B33E /* UIViewControllerExt.swift in Sources */,
				49F3030724AB388A00476406 /* SummaryView.swift in Sources */,
				49F3031424AB6D6600476406 /* models.swift in Sources */,
				49F3031024AB53E000476406 /* ServerSettingsView.swift in Sources */,
				499A398324ADEF5300F21E04 /* EndpointDetailsView.swift in Sources */,
				49F3031624AB6DC700476406 /* UserRowView.swift in Sources */,
				49C34A9F24AB83710087CE92 /* NotificationSettings.swift in Sources */,
			);
			runOnlyForDeploymentPostprocessing = 0;
		};
		4995CDA924BCBD9D00CDD5D9 /* Sources */ = {
			isa = PBXSourcesBuildPhase;
			buildActionMask = 2147483647;
			files = (
				4995CDB824BCBDD900CDD5D9 /* checkEndpointPathTest.swift in Sources */,
			);
			runOnlyForDeploymentPostprocessing = 0;
		};
/* End PBXSourcesBuildPhase section */

/* Begin PBXTargetDependency section */
		4995CDB324BCBD9D00CDD5D9 /* PBXTargetDependency */ = {
			isa = PBXTargetDependency;
			target = 49887D9C24923E9E007CCE87 /* serverly */;
			targetProxy = 4995CDB224BCBD9D00CDD5D9 /* PBXContainerItemProxy */;
		};
/* End PBXTargetDependency section */

/* Begin PBXVariantGroup section */
		49887DAB24923E9E007CCE87 /* LaunchScreen.storyboard */ = {
			isa = PBXVariantGroup;
			children = (
				49887DAC24923E9E007CCE87 /* Base */,
			);
			name = LaunchScreen.storyboard;
			sourceTree = "<group>";
		};
/* End PBXVariantGroup section */

/* Begin XCBuildConfiguration section */
		49887DAF24923E9E007CCE87 /* Debug */ = {
			isa = XCBuildConfiguration;
			buildSettings = {
				ALWAYS_SEARCH_USER_PATHS = NO;
				CLANG_ANALYZER_NONNULL = YES;
				CLANG_ANALYZER_NUMBER_OBJECT_CONVERSION = YES_AGGRESSIVE;
				CLANG_CXX_LANGUAGE_STANDARD = "gnu++14";
				CLANG_CXX_LIBRARY = "libc++";
				CLANG_ENABLE_MODULES = YES;
				CLANG_ENABLE_OBJC_ARC = YES;
				CLANG_ENABLE_OBJC_WEAK = YES;
				CLANG_WARN_BLOCK_CAPTURE_AUTORELEASING = YES;
				CLANG_WARN_BOOL_CONVERSION = YES;
				CLANG_WARN_COMMA = YES;
				CLANG_WARN_CONSTANT_CONVERSION = YES;
				CLANG_WARN_DEPRECATED_OBJC_IMPLEMENTATIONS = YES;
				CLANG_WARN_DIRECT_OBJC_ISA_USAGE = YES_ERROR;
				CLANG_WARN_DOCUMENTATION_COMMENTS = YES;
				CLANG_WARN_EMPTY_BODY = YES;
				CLANG_WARN_ENUM_CONVERSION = YES;
				CLANG_WARN_INFINITE_RECURSION = YES;
				CLANG_WARN_INT_CONVERSION = YES;
				CLANG_WARN_NON_LITERAL_NULL_CONVERSION = YES;
				CLANG_WARN_OBJC_IMPLICIT_RETAIN_SELF = YES;
				CLANG_WARN_OBJC_LITERAL_CONVERSION = YES;
				CLANG_WARN_OBJC_ROOT_CLASS = YES_ERROR;
				CLANG_WARN_QUOTED_INCLUDE_IN_FRAMEWORK_HEADER = YES;
				CLANG_WARN_RANGE_LOOP_ANALYSIS = YES;
				CLANG_WARN_STRICT_PROTOTYPES = YES;
				CLANG_WARN_SUSPICIOUS_MOVE = YES;
				CLANG_WARN_UNGUARDED_AVAILABILITY = YES_AGGRESSIVE;
				CLANG_WARN_UNREACHABLE_CODE = YES;
				CLANG_WARN__DUPLICATE_METHOD_MATCH = YES;
				COPY_PHASE_STRIP = NO;
				DEBUG_INFORMATION_FORMAT = dwarf;
				ENABLE_STRICT_OBJC_MSGSEND = YES;
				ENABLE_TESTABILITY = YES;
				GCC_C_LANGUAGE_STANDARD = gnu11;
				GCC_DYNAMIC_NO_PIC = NO;
				GCC_NO_COMMON_BLOCKS = YES;
				GCC_OPTIMIZATION_LEVEL = 0;
				GCC_PREPROCESSOR_DEFINITIONS = (
					"DEBUG=1",
					"$(inherited)",
				);
				GCC_WARN_64_TO_32_BIT_CONVERSION = YES;
				GCC_WARN_ABOUT_RETURN_TYPE = YES_ERROR;
				GCC_WARN_UNDECLARED_SELECTOR = YES;
				GCC_WARN_UNINITIALIZED_AUTOS = YES_AGGRESSIVE;
				GCC_WARN_UNUSED_FUNCTION = YES;
				GCC_WARN_UNUSED_VARIABLE = YES;
				IPHONEOS_DEPLOYMENT_TARGET = 14.0;
				MTL_ENABLE_DEBUG_INFO = INCLUDE_SOURCE;
				MTL_FAST_MATH = YES;
				ONLY_ACTIVE_ARCH = YES;
				SDKROOT = iphoneos;
				SWIFT_ACTIVE_COMPILATION_CONDITIONS = DEBUG;
				SWIFT_OPTIMIZATION_LEVEL = "-Onone";
			};
			name = Debug;
		};
		49887DB024923E9E007CCE87 /* Release */ = {
			isa = XCBuildConfiguration;
			buildSettings = {
				ALWAYS_SEARCH_USER_PATHS = NO;
				CLANG_ANALYZER_NONNULL = YES;
				CLANG_ANALYZER_NUMBER_OBJECT_CONVERSION = YES_AGGRESSIVE;
				CLANG_CXX_LANGUAGE_STANDARD = "gnu++14";
				CLANG_CXX_LIBRARY = "libc++";
				CLANG_ENABLE_MODULES = YES;
				CLANG_ENABLE_OBJC_ARC = YES;
				CLANG_ENABLE_OBJC_WEAK = YES;
				CLANG_WARN_BLOCK_CAPTURE_AUTORELEASING = YES;
				CLANG_WARN_BOOL_CONVERSION = YES;
				CLANG_WARN_COMMA = YES;
				CLANG_WARN_CONSTANT_CONVERSION = YES;
				CLANG_WARN_DEPRECATED_OBJC_IMPLEMENTATIONS = YES;
				CLANG_WARN_DIRECT_OBJC_ISA_USAGE = YES_ERROR;
				CLANG_WARN_DOCUMENTATION_COMMENTS = YES;
				CLANG_WARN_EMPTY_BODY = YES;
				CLANG_WARN_ENUM_CONVERSION = YES;
				CLANG_WARN_INFINITE_RECURSION = YES;
				CLANG_WARN_INT_CONVERSION = YES;
				CLANG_WARN_NON_LITERAL_NULL_CONVERSION = YES;
				CLANG_WARN_OBJC_IMPLICIT_RETAIN_SELF = YES;
				CLANG_WARN_OBJC_LITERAL_CONVERSION = YES;
				CLANG_WARN_OBJC_ROOT_CLASS = YES_ERROR;
				CLANG_WARN_QUOTED_INCLUDE_IN_FRAMEWORK_HEADER = YES;
				CLANG_WARN_RANGE_LOOP_ANALYSIS = YES;
				CLANG_WARN_STRICT_PROTOTYPES = YES;
				CLANG_WARN_SUSPICIOUS_MOVE = YES;
				CLANG_WARN_UNGUARDED_AVAILABILITY = YES_AGGRESSIVE;
				CLANG_WARN_UNREACHABLE_CODE = YES;
				CLANG_WARN__DUPLICATE_METHOD_MATCH = YES;
				COPY_PHASE_STRIP = NO;
				DEBUG_INFORMATION_FORMAT = "dwarf-with-dsym";
				ENABLE_NS_ASSERTIONS = NO;
				ENABLE_STRICT_OBJC_MSGSEND = YES;
				GCC_C_LANGUAGE_STANDARD = gnu11;
				GCC_NO_COMMON_BLOCKS = YES;
				GCC_WARN_64_TO_32_BIT_CONVERSION = YES;
				GCC_WARN_ABOUT_RETURN_TYPE = YES_ERROR;
				GCC_WARN_UNDECLARED_SELECTOR = YES;
				GCC_WARN_UNINITIALIZED_AUTOS = YES_AGGRESSIVE;
				GCC_WARN_UNUSED_FUNCTION = YES;
				GCC_WARN_UNUSED_VARIABLE = YES;
				IPHONEOS_DEPLOYMENT_TARGET = 14.0;
				MTL_ENABLE_DEBUG_INFO = NO;
				MTL_FAST_MATH = YES;
				SDKROOT = iphoneos;
				SWIFT_COMPILATION_MODE = wholemodule;
				SWIFT_OPTIMIZATION_LEVEL = "-O";
				VALIDATE_PRODUCT = YES;
			};
			name = Release;
		};
		49887DB224923E9E007CCE87 /* Debug */ = {
			isa = XCBuildConfiguration;
			buildSettings = {
				ASSETCATALOG_COMPILER_APPICON_NAME = AppIcon;
				CODE_SIGN_ENTITLEMENTS = serverly/serverly.entitlements;
				CODE_SIGN_STYLE = Automatic;
				DEVELOPMENT_TEAM = MHQFP8C3YS;
				INFOPLIST_FILE = serverly/Info.plist;
				IPHONEOS_DEPLOYMENT_TARGET = 14.0;
				LD_RUNPATH_SEARCH_PATHS = (
					"$(inherited)",
					"@executable_path/Frameworks",
				);
				PRODUCT_BUNDLE_IDENTIFIER = mithem.serverly;
				PRODUCT_NAME = serverly;
				SUPPORTS_MACCATALYST = YES;
				SWIFT_VERSION = 5.0;
				TARGETED_DEVICE_FAMILY = "1,2,6";
			};
			name = Debug;
		};
		49887DB324923E9E007CCE87 /* Release */ = {
			isa = XCBuildConfiguration;
			buildSettings = {
				ASSETCATALOG_COMPILER_APPICON_NAME = AppIcon;
				CODE_SIGN_ENTITLEMENTS = serverly/serverly.entitlements;
				CODE_SIGN_STYLE = Automatic;
				DEVELOPMENT_TEAM = MHQFP8C3YS;
				INFOPLIST_FILE = serverly/Info.plist;
				IPHONEOS_DEPLOYMENT_TARGET = 14.0;
				LD_RUNPATH_SEARCH_PATHS = (
					"$(inherited)",
					"@executable_path/Frameworks",
				);
				PRODUCT_BUNDLE_IDENTIFIER = mithem.serverly;
				PRODUCT_NAME = serverly;
				SUPPORTS_MACCATALYST = YES;
				SWIFT_VERSION = 5.0;
				TARGETED_DEVICE_FAMILY = "1,2,6";
			};
			name = Release;
		};
		4995CDB424BCBD9D00CDD5D9 /* Debug */ = {
			isa = XCBuildConfiguration;
			buildSettings = {
				BUNDLE_LOADER = "$(TEST_HOST)";
				CODE_SIGN_STYLE = Automatic;
				DEVELOPMENT_TEAM = MHQFP8C3YS;
				INFOPLIST_FILE = serverlyTests/Info.plist;
				LD_RUNPATH_SEARCH_PATHS = (
					"$(inherited)",
					"@executable_path/Frameworks",
					"@loader_path/Frameworks",
				);
				PRODUCT_BUNDLE_IDENTIFIER = mithem.serverlyTests;
				PRODUCT_NAME = "$(TARGET_NAME)";
				SWIFT_VERSION = 5.0;
				TARGETED_DEVICE_FAMILY = "1,2";
				TEST_HOST = "$(BUILT_PRODUCTS_DIR)/serverly.app/serverly";
			};
			name = Debug;
		};
		4995CDB524BCBD9D00CDD5D9 /* Release */ = {
			isa = XCBuildConfiguration;
			buildSettings = {
				BUNDLE_LOADER = "$(TEST_HOST)";
				CODE_SIGN_STYLE = Automatic;
				DEVELOPMENT_TEAM = MHQFP8C3YS;
				INFOPLIST_FILE = serverlyTests/Info.plist;
				LD_RUNPATH_SEARCH_PATHS = (
					"$(inherited)",
					"@executable_path/Frameworks",
					"@loader_path/Frameworks",
				);
				PRODUCT_BUNDLE_IDENTIFIER = mithem.serverlyTests;
				PRODUCT_NAME = "$(TARGET_NAME)";
				SWIFT_VERSION = 5.0;
				TARGETED_DEVICE_FAMILY = "1,2";
				TEST_HOST = "$(BUILT_PRODUCTS_DIR)/serverly.app/serverly";
			};
			name = Release;
		};
/* End XCBuildConfiguration section */

/* Begin XCConfigurationList section */
		49887D9824923E9E007CCE87 /* Build configuration list for PBXProject "serverly" */ = {
			isa = XCConfigurationList;
			buildConfigurations = (
				49887DAF24923E9E007CCE87 /* Debug */,
				49887DB024923E9E007CCE87 /* Release */,
			);
			defaultConfigurationIsVisible = 0;
			defaultConfigurationName = Release;
		};
		49887DB124923E9E007CCE87 /* Build configuration list for PBXNativeTarget "serverly" */ = {
			isa = XCConfigurationList;
			buildConfigurations = (
				49887DB224923E9E007CCE87 /* Debug */,
				49887DB324923E9E007CCE87 /* Release */,
			);
			defaultConfigurationIsVisible = 0;
			defaultConfigurationName = Release;
		};
		4995CDB624BCBD9D00CDD5D9 /* Build configuration list for PBXNativeTarget "serverlyTests" */ = {
			isa = XCConfigurationList;
			buildConfigurations = (
				4995CDB424BCBD9D00CDD5D9 /* Debug */,
				4995CDB524BCBD9D00CDD5D9 /* Release */,
			);
			defaultConfigurationIsVisible = 0;
			defaultConfigurationName = Release;
		};
/* End XCConfigurationList section */
	};
	rootObject = 49887D9524923E9E007CCE87 /* Project object */;
}
