// !$*UTF8*$!
{
	archiveVersion = 1;
	classes = {
	};
	objectVersion = 50;
	objects = {

/* Begin PBXBuildFile section */
		494563F3249623A800DB4364 /* UserDetailsViewController.swift in Sources */ = {isa = PBXBuildFile; fileRef = 494563F2249623A800DB4364 /* UserDetailsViewController.swift */; };
		494563F52496269400DB4364 /* EndpointDetailsViewController.swift in Sources */ = {isa = PBXBuildFile; fileRef = 494563F42496269400DB4364 /* EndpointDetailsViewController.swift */; };
		494563F7249626C800DB4364 /* StatisticsDetailsViewController.swift in Sources */ = {isa = PBXBuildFile; fileRef = 494563F6249626C800DB4364 /* StatisticsDetailsViewController.swift */; };
		494563F92496278800DB4364 /* Common.swift in Sources */ = {isa = PBXBuildFile; fileRef = 494563F82496278800DB4364 /* Common.swift */; };
		494563FF249649DF00DB4364 /* UIViewExt.swift in Sources */ = {isa = PBXBuildFile; fileRef = 494563FE249649DF00DB4364 /* UIViewExt.swift */; };
		4945640324964C4200DB4364 /* EndpointDetailsTableViewCell.swift in Sources */ = {isa = PBXBuildFile; fileRef = 4945640224964C4200DB4364 /* EndpointDetailsTableViewCell.swift */; };
		49811674249357D000313418 /* NotificationSettingsViewController.swift in Sources */ = {isa = PBXBuildFile; fileRef = 49811673249357D000313418 /* NotificationSettingsViewController.swift */; };
		49811676249360AC00313418 /* Notifications.swift in Sources */ = {isa = PBXBuildFile; fileRef = 49811675249360AC00313418 /* Notifications.swift */; };
		49887DA124923E9E007CCE87 /* AppDelegate.swift in Sources */ = {isa = PBXBuildFile; fileRef = 49887DA024923E9E007CCE87 /* AppDelegate.swift */; };
		49887DA324923E9E007CCE87 /* SceneDelegate.swift in Sources */ = {isa = PBXBuildFile; fileRef = 49887DA224923E9E007CCE87 /* SceneDelegate.swift */; };
		49887DA524923E9E007CCE87 /* ViewController.swift in Sources */ = {isa = PBXBuildFile; fileRef = 49887DA424923E9E007CCE87 /* ViewController.swift */; };
		49887DA824923E9E007CCE87 /* Main.storyboard in Resources */ = {isa = PBXBuildFile; fileRef = 49887DA624923E9E007CCE87 /* Main.storyboard */; };
		49887DAA24923E9E007CCE87 /* Assets.xcassets in Resources */ = {isa = PBXBuildFile; fileRef = 49887DA924923E9E007CCE87 /* Assets.xcassets */; };
		49887DAD24923E9E007CCE87 /* LaunchScreen.storyboard in Resources */ = {isa = PBXBuildFile; fileRef = 49887DAB24923E9E007CCE87 /* LaunchScreen.storyboard */; };
		49887DB524923EBF007CCE87 /* ServerDetailsViewController.swift in Sources */ = {isa = PBXBuildFile; fileRef = 49887DB424923EBF007CCE87 /* ServerDetailsViewController.swift */; };
		49887DB724923EC8007CCE87 /* SettingsViewController.swift in Sources */ = {isa = PBXBuildFile; fileRef = 49887DB624923EC8007CCE87 /* SettingsViewController.swift */; };
		499FCCA124991B6400B4B33E /* UIViewControllerExt.swift in Sources */ = {isa = PBXBuildFile; fileRef = 499FCCA024991B6400B4B33E /* UIViewControllerExt.swift */; };
		499FCCA324992B5D00B4B33E /* UserDetailsTableViewCell.swift in Sources */ = {isa = PBXBuildFile; fileRef = 499FCCA224992B5D00B4B33E /* UserDetailsTableViewCell.swift */; };
		499FCCA72499335D00B4B33E /* User.swift in Sources */ = {isa = PBXBuildFile; fileRef = 499FCCA62499335D00B4B33E /* User.swift */; };
/* End PBXBuildFile section */

/* Begin PBXCopyFilesBuildPhase section */
		49E794302492AF4500FEBBD2 /* Embed App Extensions */ = {
			isa = PBXCopyFilesBuildPhase;
			buildActionMask = 2147483647;
			dstPath = "";
			dstSubfolderSpec = 13;
			files = (
			);
			name = "Embed App Extensions";
			runOnlyForDeploymentPostprocessing = 0;
		};
/* End PBXCopyFilesBuildPhase section */

/* Begin PBXFileReference section */
		494563F2249623A800DB4364 /* UserDetailsViewController.swift */ = {isa = PBXFileReference; lastKnownFileType = sourcecode.swift; path = UserDetailsViewController.swift; sourceTree = "<group>"; };
		494563F42496269400DB4364 /* EndpointDetailsViewController.swift */ = {isa = PBXFileReference; lastKnownFileType = sourcecode.swift; path = EndpointDetailsViewController.swift; sourceTree = "<group>"; };
		494563F6249626C800DB4364 /* StatisticsDetailsViewController.swift */ = {isa = PBXFileReference; lastKnownFileType = sourcecode.swift; path = StatisticsDetailsViewController.swift; sourceTree = "<group>"; };
		494563F82496278800DB4364 /* Common.swift */ = {isa = PBXFileReference; lastKnownFileType = sourcecode.swift; path = Common.swift; sourceTree = "<group>"; };
		494563FE249649DF00DB4364 /* UIViewExt.swift */ = {isa = PBXFileReference; lastKnownFileType = sourcecode.swift; path = UIViewExt.swift; sourceTree = "<group>"; };
		4945640224964C4200DB4364 /* EndpointDetailsTableViewCell.swift */ = {isa = PBXFileReference; lastKnownFileType = sourcecode.swift; path = EndpointDetailsTableViewCell.swift; sourceTree = "<group>"; };
		49811673249357D000313418 /* NotificationSettingsViewController.swift */ = {isa = PBXFileReference; lastKnownFileType = sourcecode.swift; path = NotificationSettingsViewController.swift; sourceTree = "<group>"; };
		49811675249360AC00313418 /* Notifications.swift */ = {isa = PBXFileReference; lastKnownFileType = sourcecode.swift; path = Notifications.swift; sourceTree = "<group>"; };
		49887D9D24923E9E007CCE87 /* serverly.app */ = {isa = PBXFileReference; explicitFileType = wrapper.application; includeInIndex = 0; path = serverly.app; sourceTree = BUILT_PRODUCTS_DIR; };
		49887DA024923E9E007CCE87 /* AppDelegate.swift */ = {isa = PBXFileReference; lastKnownFileType = sourcecode.swift; path = AppDelegate.swift; sourceTree = "<group>"; };
		49887DA224923E9E007CCE87 /* SceneDelegate.swift */ = {isa = PBXFileReference; lastKnownFileType = sourcecode.swift; path = SceneDelegate.swift; sourceTree = "<group>"; };
		49887DA424923E9E007CCE87 /* ViewController.swift */ = {isa = PBXFileReference; lastKnownFileType = sourcecode.swift; path = ViewController.swift; sourceTree = "<group>"; };
		49887DA724923E9E007CCE87 /* Base */ = {isa = PBXFileReference; lastKnownFileType = file.storyboard; name = Base; path = Base.lproj/Main.storyboard; sourceTree = "<group>"; };
		49887DA924923E9E007CCE87 /* Assets.xcassets */ = {isa = PBXFileReference; lastKnownFileType = folder.assetcatalog; path = Assets.xcassets; sourceTree = "<group>"; };
		49887DAC24923E9E007CCE87 /* Base */ = {isa = PBXFileReference; lastKnownFileType = file.storyboard; name = Base; path = Base.lproj/LaunchScreen.storyboard; sourceTree = "<group>"; };
		49887DAE24923E9E007CCE87 /* Info.plist */ = {isa = PBXFileReference; lastKnownFileType = text.plist.xml; path = Info.plist; sourceTree = "<group>"; };
		49887DB424923EBF007CCE87 /* ServerDetailsViewController.swift */ = {isa = PBXFileReference; lastKnownFileType = sourcecode.swift; path = ServerDetailsViewController.swift; sourceTree = "<group>"; };
		49887DB624923EC8007CCE87 /* SettingsViewController.swift */ = {isa = PBXFileReference; lastKnownFileType = sourcecode.swift; path = SettingsViewController.swift; sourceTree = "<group>"; };
		499FCC9F2499168500B4B33E /* serverly.entitlements */ = {isa = PBXFileReference; lastKnownFileType = text.plist.entitlements; path = serverly.entitlements; sourceTree = "<group>"; };
		499FCCA024991B6400B4B33E /* UIViewControllerExt.swift */ = {isa = PBXFileReference; lastKnownFileType = sourcecode.swift; path = UIViewControllerExt.swift; sourceTree = "<group>"; };
		499FCCA224992B5D00B4B33E /* UserDetailsTableViewCell.swift */ = {isa = PBXFileReference; lastKnownFileType = sourcecode.swift; path = UserDetailsTableViewCell.swift; sourceTree = "<group>"; };
		499FCCA62499335D00B4B33E /* User.swift */ = {isa = PBXFileReference; lastKnownFileType = sourcecode.swift; path = User.swift; sourceTree = "<group>"; };
		49E794242492AF4500FEBBD2 /* NotificationCenter.framework */ = {isa = PBXFileReference; lastKnownFileType = wrapper.framework; name = NotificationCenter.framework; path = System/Library/Frameworks/NotificationCenter.framework; sourceTree = SDKROOT; };
/* End PBXFileReference section */

/* Begin PBXFrameworksBuildPhase section */
		49887D9A24923E9E007CCE87 /* Frameworks */ = {
			isa = PBXFrameworksBuildPhase;
			buildActionMask = 2147483647;
			files = (
			);
			runOnlyForDeploymentPostprocessing = 0;
		};
/* End PBXFrameworksBuildPhase section */

/* Begin PBXGroup section */
		4945640024964BF800DB4364 /* DetailViews */ = {
			isa = PBXGroup;
			children = (
				4945640424964C4D00DB4364 /* UserDetailViews */,
				4945640124964C1200DB4364 /* EndpointDetailViews */,
				4945640524964C5500DB4364 /* StatisticsDetailViews */,
			);
			path = DetailViews;
			sourceTree = "<group>";
		};
		4945640124964C1200DB4364 /* EndpointDetailViews */ = {
			isa = PBXGroup;
			children = (
				494563F42496269400DB4364 /* EndpointDetailsViewController.swift */,
				4945640224964C4200DB4364 /* EndpointDetailsTableViewCell.swift */,
			);
			path = EndpointDetailViews;
			sourceTree = "<group>";
		};
		4945640424964C4D00DB4364 /* UserDetailViews */ = {
			isa = PBXGroup;
			children = (
				494563F2249623A800DB4364 /* UserDetailsViewController.swift */,
				499FCCA224992B5D00B4B33E /* UserDetailsTableViewCell.swift */,
				499FCCA62499335D00B4B33E /* User.swift */,
			);
			path = UserDetailViews;
			sourceTree = "<group>";
		};
		4945640524964C5500DB4364 /* StatisticsDetailViews */ = {
			isa = PBXGroup;
			children = (
				494563F6249626C800DB4364 /* StatisticsDetailsViewController.swift */,
			);
			path = StatisticsDetailViews;
			sourceTree = "<group>";
		};
		49887D9424923E9E007CCE87 = {
			isa = PBXGroup;
			children = (
				499FCC9E2499166D00B4B33E /* Extensions */,
				49887D9F24923E9E007CCE87 /* serverly */,
				49E794232492AF4500FEBBD2 /* Frameworks */,
				49887D9E24923E9E007CCE87 /* Products */,
			);
			sourceTree = "<group>";
		};
		49887D9E24923E9E007CCE87 /* Products */ = {
			isa = PBXGroup;
			children = (
				49887D9D24923E9E007CCE87 /* serverly.app */,
			);
			name = Products;
			sourceTree = "<group>";
		};
		49887D9F24923E9E007CCE87 /* serverly */ = {
			isa = PBXGroup;
			children = (
				499FCC9F2499168500B4B33E /* serverly.entitlements */,
				49887DA024923E9E007CCE87 /* AppDelegate.swift */,
				49887DA224923E9E007CCE87 /* SceneDelegate.swift */,
				49811675249360AC00313418 /* Notifications.swift */,
				49887DA424923E9E007CCE87 /* ViewController.swift */,
				49887DA624923E9E007CCE87 /* Main.storyboard */,
				4945640024964BF800DB4364 /* DetailViews */,
				49811673249357D000313418 /* NotificationSettingsViewController.swift */,
				49887DB424923EBF007CCE87 /* ServerDetailsViewController.swift */,
				49887DB624923EC8007CCE87 /* SettingsViewController.swift */,
				494563F82496278800DB4364 /* Common.swift */,
				49887DA924923E9E007CCE87 /* Assets.xcassets */,
				49887DAB24923E9E007CCE87 /* LaunchScreen.storyboard */,
				49887DAE24923E9E007CCE87 /* Info.plist */,
			);
			path = serverly;
			sourceTree = "<group>";
		};
		499FCC9E2499166D00B4B33E /* Extensions */ = {
			isa = PBXGroup;
			children = (
				494563FE249649DF00DB4364 /* UIViewExt.swift */,
				499FCCA024991B6400B4B33E /* UIViewControllerExt.swift */,
			);
			path = Extensions;
			sourceTree = "<group>";
		};
		49E794232492AF4500FEBBD2 /* Frameworks */ = {
			isa = PBXGroup;
			children = (
				49E794242492AF4500FEBBD2 /* NotificationCenter.framework */,
			);
			name = Frameworks;
			sourceTree = "<group>";
		};
/* End PBXGroup section */

/* Begin PBXNativeTarget section */
		49887D9C24923E9E007CCE87 /* serverly */ = {
			isa = PBXNativeTarget;
			buildConfigurationList = 49887DB124923E9E007CCE87 /* Build configuration list for PBXNativeTarget "serverly" */;
			buildPhases = (
				49887D9924923E9E007CCE87 /* Sources */,
				49887D9A24923E9E007CCE87 /* Frameworks */,
				49887D9B24923E9E007CCE87 /* Resources */,
				49E794302492AF4500FEBBD2 /* Embed App Extensions */,
			);
			buildRules = (
			);
			dependencies = (
			);
			name = serverly;
			productName = MyFirstApp;
			productReference = 49887D9D24923E9E007CCE87 /* serverly.app */;
			productType = "com.apple.product-type.application";
		};
/* End PBXNativeTarget section */

/* Begin PBXProject section */
		49887D9524923E9E007CCE87 /* Project object */ = {
			isa = PBXProject;
			attributes = {
				LastSwiftUpdateCheck = 1150;
				LastUpgradeCheck = 1150;
				ORGANIZATIONNAME = "Miguel Themann";
				TargetAttributes = {
					49887D9C24923E9E007CCE87 = {
						CreatedOnToolsVersion = 11.5;
					};
				};
			};
			buildConfigurationList = 49887D9824923E9E007CCE87 /* Build configuration list for PBXProject "serverly" */;
			compatibilityVersion = "Xcode 9.3";
			developmentRegion = en;
			hasScannedForEncodings = 0;
			knownRegions = (
				en,
				Base,
			);
			mainGroup = 49887D9424923E9E007CCE87;
			productRefGroup = 49887D9E24923E9E007CCE87 /* Products */;
			projectDirPath = "";
			projectRoot = "";
			targets = (
				49887D9C24923E9E007CCE87 /* serverly */,
			);
		};
/* End PBXProject section */

/* Begin PBXResourcesBuildPhase section */
		49887D9B24923E9E007CCE87 /* Resources */ = {
			isa = PBXResourcesBuildPhase;
			buildActionMask = 2147483647;
			files = (
				49887DAD24923E9E007CCE87 /* LaunchScreen.storyboard in Resources */,
				49887DAA24923E9E007CCE87 /* Assets.xcassets in Resources */,
				49887DA824923E9E007CCE87 /* Main.storyboard in Resources */,
			);
			runOnlyForDeploymentPostprocessing = 0;
		};
/* End PBXResourcesBuildPhase section */

/* Begin PBXSourcesBuildPhase section */
		49887D9924923E9E007CCE87 /* Sources */ = {
			isa = PBXSourcesBuildPhase;
			buildActionMask = 2147483647;
			files = (
				494563FF249649DF00DB4364 /* UIViewExt.swift in Sources */,
				49887DB524923EBF007CCE87 /* ServerDetailsViewController.swift in Sources */,
				49811676249360AC00313418 /* Notifications.swift in Sources */,
				494563F52496269400DB4364 /* EndpointDetailsViewController.swift in Sources */,
				499FCCA72499335D00B4B33E /* User.swift in Sources */,
				49887DA524923E9E007CCE87 /* ViewController.swift in Sources */,
				494563F92496278800DB4364 /* Common.swift in Sources */,
				494563F7249626C800DB4364 /* StatisticsDetailsViewController.swift in Sources */,
				49811674249357D000313418 /* NotificationSettingsViewController.swift in Sources */,
				49887DA124923E9E007CCE87 /* AppDelegate.swift in Sources */,
				49887DB724923EC8007CCE87 /* SettingsViewController.swift in Sources */,
				49887DA324923E9E007CCE87 /* SceneDelegate.swift in Sources */,
				494563F3249623A800DB4364 /* UserDetailsViewController.swift in Sources */,
				499FCCA124991B6400B4B33E /* UIViewControllerExt.swift in Sources */,
				499FCCA324992B5D00B4B33E /* UserDetailsTableViewCell.swift in Sources */,
				4945640324964C4200DB4364 /* EndpointDetailsTableViewCell.swift in Sources */,
			);
			runOnlyForDeploymentPostprocessing = 0;
		};
/* End PBXSourcesBuildPhase section */

/* Begin PBXVariantGroup section */
		49887DA624923E9E007CCE87 /* Main.storyboard */ = {
			isa = PBXVariantGroup;
			children = (
				49887DA724923E9E007CCE87 /* Base */,
			);
			name = Main.storyboard;
			sourceTree = "<group>";
		};
		49887DAB24923E9E007CCE87 /* LaunchScreen.storyboard */ = {
			isa = PBXVariantGroup;
			children = (
				49887DAC24923E9E007CCE87 /* Base */,
			);
			name = LaunchScreen.storyboard;
			sourceTree = "<group>";
		};
/* End PBXVariantGroup section */

/* Begin XCBuildConfiguration section */
		49887DAF24923E9E007CCE87 /* Debug */ = {
			isa = XCBuildConfiguration;
			buildSettings = {
				ALWAYS_SEARCH_USER_PATHS = NO;
				CLANG_ANALYZER_NONNULL = YES;
				CLANG_ANALYZER_NUMBER_OBJECT_CONVERSION = YES_AGGRESSIVE;
				CLANG_CXX_LANGUAGE_STANDARD = "gnu++14";
				CLANG_CXX_LIBRARY = "libc++";
				CLANG_ENABLE_MODULES = YES;
				CLANG_ENABLE_OBJC_ARC = YES;
				CLANG_ENABLE_OBJC_WEAK = YES;
				CLANG_WARN_BLOCK_CAPTURE_AUTORELEASING = YES;
				CLANG_WARN_BOOL_CONVERSION = YES;
				CLANG_WARN_COMMA = YES;
				CLANG_WARN_CONSTANT_CONVERSION = YES;
				CLANG_WARN_DEPRECATED_OBJC_IMPLEMENTATIONS = YES;
				CLANG_WARN_DIRECT_OBJC_ISA_USAGE = YES_ERROR;
				CLANG_WARN_DOCUMENTATION_COMMENTS = YES;
				CLANG_WARN_EMPTY_BODY = YES;
				CLANG_WARN_ENUM_CONVERSION = YES;
				CLANG_WARN_INFINITE_RECURSION = YES;
				CLANG_WARN_INT_CONVERSION = YES;
				CLANG_WARN_NON_LITERAL_NULL_CONVERSION = YES;
				CLANG_WARN_OBJC_IMPLICIT_RETAIN_SELF = YES;
				CLANG_WARN_OBJC_LITERAL_CONVERSION = YES;
				CLANG_WARN_OBJC_ROOT_CLASS = YES_ERROR;
				CLANG_WARN_RANGE_LOOP_ANALYSIS = YES;
				CLANG_WARN_STRICT_PROTOTYPES = YES;
				CLANG_WARN_SUSPICIOUS_MOVE = YES;
				CLANG_WARN_UNGUARDED_AVAILABILITY = YES_AGGRESSIVE;
				CLANG_WARN_UNREACHABLE_CODE = YES;
				CLANG_WARN__DUPLICATE_METHOD_MATCH = YES;
				COPY_PHASE_STRIP = NO;
				DEBUG_INFORMATION_FORMAT = dwarf;
				ENABLE_STRICT_OBJC_MSGSEND = YES;
				ENABLE_TESTABILITY = YES;
				GCC_C_LANGUAGE_STANDARD = gnu11;
				GCC_DYNAMIC_NO_PIC = NO;
				GCC_NO_COMMON_BLOCKS = YES;
				GCC_OPTIMIZATION_LEVEL = 0;
				GCC_PREPROCESSOR_DEFINITIONS = (
					"DEBUG=1",
					"$(inherited)",
				);
				GCC_WARN_64_TO_32_BIT_CONVERSION = YES;
				GCC_WARN_ABOUT_RETURN_TYPE = YES_ERROR;
				GCC_WARN_UNDECLARED_SELECTOR = YES;
				GCC_WARN_UNINITIALIZED_AUTOS = YES_AGGRESSIVE;
				GCC_WARN_UNUSED_FUNCTION = YES;
				GCC_WARN_UNUSED_VARIABLE = YES;
				IPHONEOS_DEPLOYMENT_TARGET = 13.5;
				MTL_ENABLE_DEBUG_INFO = INCLUDE_SOURCE;
				MTL_FAST_MATH = YES;
				ONLY_ACTIVE_ARCH = YES;
				SDKROOT = iphoneos;
				SWIFT_ACTIVE_COMPILATION_CONDITIONS = DEBUG;
				SWIFT_OPTIMIZATION_LEVEL = "-Onone";
			};
			name = Debug;
		};
		49887DB024923E9E007CCE87 /* Release */ = {
			isa = XCBuildConfiguration;
			buildSettings = {
				ALWAYS_SEARCH_USER_PATHS = NO;
				CLANG_ANALYZER_NONNULL = YES;
				CLANG_ANALYZER_NUMBER_OBJECT_CONVERSION = YES_AGGRESSIVE;
				CLANG_CXX_LANGUAGE_STANDARD = "gnu++14";
				CLANG_CXX_LIBRARY = "libc++";
				CLANG_ENABLE_MODULES = YES;
				CLANG_ENABLE_OBJC_ARC = YES;
				CLANG_ENABLE_OBJC_WEAK = YES;
				CLANG_WARN_BLOCK_CAPTURE_AUTORELEASING = YES;
				CLANG_WARN_BOOL_CONVERSION = YES;
				CLANG_WARN_COMMA = YES;
				CLANG_WARN_CONSTANT_CONVERSION = YES;
				CLANG_WARN_DEPRECATED_OBJC_IMPLEMENTATIONS = YES;
				CLANG_WARN_DIRECT_OBJC_ISA_USAGE = YES_ERROR;
				CLANG_WARN_DOCUMENTATION_COMMENTS = YES;
				CLANG_WARN_EMPTY_BODY = YES;
				CLANG_WARN_ENUM_CONVERSION = YES;
				CLANG_WARN_INFINITE_RECURSION = YES;
				CLANG_WARN_INT_CONVERSION = YES;
				CLANG_WARN_NON_LITERAL_NULL_CONVERSION = YES;
				CLANG_WARN_OBJC_IMPLICIT_RETAIN_SELF = YES;
				CLANG_WARN_OBJC_LITERAL_CONVERSION = YES;
				CLANG_WARN_OBJC_ROOT_CLASS = YES_ERROR;
				CLANG_WARN_RANGE_LOOP_ANALYSIS = YES;
				CLANG_WARN_STRICT_PROTOTYPES = YES;
				CLANG_WARN_SUSPICIOUS_MOVE = YES;
				CLANG_WARN_UNGUARDED_AVAILABILITY = YES_AGGRESSIVE;
				CLANG_WARN_UNREACHABLE_CODE = YES;
				CLANG_WARN__DUPLICATE_METHOD_MATCH = YES;
				COPY_PHASE_STRIP = NO;
				DEBUG_INFORMATION_FORMAT = "dwarf-with-dsym";
				ENABLE_NS_ASSERTIONS = NO;
				ENABLE_STRICT_OBJC_MSGSEND = YES;
				GCC_C_LANGUAGE_STANDARD = gnu11;
				GCC_NO_COMMON_BLOCKS = YES;
				GCC_WARN_64_TO_32_BIT_CONVERSION = YES;
				GCC_WARN_ABOUT_RETURN_TYPE = YES_ERROR;
				GCC_WARN_UNDECLARED_SELECTOR = YES;
				GCC_WARN_UNINITIALIZED_AUTOS = YES_AGGRESSIVE;
				GCC_WARN_UNUSED_FUNCTION = YES;
				GCC_WARN_UNUSED_VARIABLE = YES;
				IPHONEOS_DEPLOYMENT_TARGET = 13.5;
				MTL_ENABLE_DEBUG_INFO = NO;
				MTL_FAST_MATH = YES;
				SDKROOT = iphoneos;
				SWIFT_COMPILATION_MODE = wholemodule;
				SWIFT_OPTIMIZATION_LEVEL = "-O";
				VALIDATE_PRODUCT = YES;
			};
			name = Release;
		};
		49887DB224923E9E007CCE87 /* Debug */ = {
			isa = XCBuildConfiguration;
			buildSettings = {
				ASSETCATALOG_COMPILER_APPICON_NAME = AppIcon;
				CODE_SIGN_ENTITLEMENTS = serverly/serverly.entitlements;
				CODE_SIGN_STYLE = Automatic;
				DEVELOPMENT_TEAM = MHQFP8C3YS;
				INFOPLIST_FILE = serverly/Info.plist;
				IPHONEOS_DEPLOYMENT_TARGET = 13.5;
				LD_RUNPATH_SEARCH_PATHS = (
					"$(inherited)",
					"@executable_path/Frameworks",
				);
				PRODUCT_BUNDLE_IDENTIFIER = mithem.serverly;
				PRODUCT_NAME = serverly;
				SUPPORTS_MACCATALYST = YES;
				SWIFT_VERSION = 5.0;
				TARGETED_DEVICE_FAMILY = "1,2";
			};
			name = Debug;
		};
		49887DB324923E9E007CCE87 /* Release */ = {
			isa = XCBuildConfiguration;
			buildSettings = {
				ASSETCATALOG_COMPILER_APPICON_NAME = AppIcon;
				CODE_SIGN_ENTITLEMENTS = serverly/serverly.entitlements;
				CODE_SIGN_STYLE = Automatic;
				DEVELOPMENT_TEAM = MHQFP8C3YS;
				INFOPLIST_FILE = serverly/Info.plist;
				IPHONEOS_DEPLOYMENT_TARGET = 13.5;
				LD_RUNPATH_SEARCH_PATHS = (
					"$(inherited)",
					"@executable_path/Frameworks",
				);
				PRODUCT_BUNDLE_IDENTIFIER = mithem.serverly;
				PRODUCT_NAME = serverly;
				SUPPORTS_MACCATALYST = YES;
				SWIFT_VERSION = 5.0;
				TARGETED_DEVICE_FAMILY = "1,2";
			};
			name = Release;
		};
/* End XCBuildConfiguration section */

/* Begin XCConfigurationList section */
		49887D9824923E9E007CCE87 /* Build configuration list for PBXProject "serverly" */ = {
			isa = XCConfigurationList;
			buildConfigurations = (
				49887DAF24923E9E007CCE87 /* Debug */,
				49887DB024923E9E007CCE87 /* Release */,
			);
			defaultConfigurationIsVisible = 0;
			defaultConfigurationName = Release;
		};
		49887DB124923E9E007CCE87 /* Build configuration list for PBXNativeTarget "serverly" */ = {
			isa = XCConfigurationList;
			buildConfigurations = (
				49887DB224923E9E007CCE87 /* Debug */,
				49887DB324923E9E007CCE87 /* Release */,
			);
			defaultConfigurationIsVisible = 0;
			defaultConfigurationName = Release;
		};
/* End XCConfigurationList section */
	};
	rootObject = 49887D9524923E9E007CCE87 /* Project object */;
}
